
Microsoft Visual Studio Solution File, Format Version 12.00
# Visual Studio 15
VisualStudioVersion = 15.0.28010.2041
MinimumVisualStudioVersion = 10.0.40219.1
Project("{2150E333-8FDC-42A3-9474-1A3956D46DE8}") = "1-Dominio", "1-Dominio", "{54E4A6CA-2E10-4146-9427-3BE521951832}"
EndProject
Project("{2150E333-8FDC-42A3-9474-1A3956D46DE8}") = "2-Repositorio", "2-Repositorio", "{8CDECD95-53D2-48C3-BCC4-125A44EE86B2}"
EndProject
Project("{2150E333-8FDC-42A3-9474-1A3956D46DE8}") = "4-Servicios", "4-Servicios", "{72446EBA-A8F9-42B5-82E9-B6513D706FFE}"
EndProject
Project("{2150E333-8FDC-42A3-9474-1A3956D46DE8}") = "5-UI", "5-UI", "{B0CCA97C-FA20-4AD5-9750-4AAA55451C15}"
EndProject
Project("{2150E333-8FDC-42A3-9474-1A3956D46DE8}") = "3-Infraestructura", "3-Infraestructura", "{2F76C30C-CD47-4B52-9C86-343D05A77FD7}"
EndProject
Project("{2150E333-8FDC-42A3-9474-1A3956D46DE8}") = "6-Tests", "6-Tests", "{9417F4D6-3425-427C-918F-550452F73A44}"
EndProject
Project("{FAE04EC0-301F-11D3-BF4B-00C04F79EFBC}") = "ClienteMoneda", "ClienteMoneda\ClienteMoneda.csproj", "{3AA94086-7B71-492D-93E3-8700B31A791D}"
EndProject
Project("{9A19103F-16F7-4668-BE54-9A1E7A4F7556}") = "CambioMonedaWeb", "CambioMonedaWeb\CambioMonedaWeb.csproj", "{6FA8FBF1-5841-4B44-B491-DCC233D46408}"
EndProject
Project("{9A19103F-16F7-4668-BE54-9A1E7A4F7556}") = "ContextoCore", "ContextoCore\ContextoCore.csproj", "{F5A6A410-3EAC-4467-A029-D4FECE3C6D15}"
EndProject
Project("{9A19103F-16F7-4668-BE54-9A1E7A4F7556}") = "ModeloCore", "ModeloCore\ModeloCore.csproj", "{1569CB55-88B7-4748-A1B3-9A8644B25DE6}"
EndProject
Project("{9A19103F-16F7-4668-BE54-9A1E7A4F7556}") = "RepositorioCore", "RepositorioCore\RepositorioCore.csproj", "{9B9F7EA9-6127-413E-846B-6E0857194BE7}"
EndProject
Project("{9A19103F-16F7-4668-BE54-9A1E7A4F7556}") = "Conversor", "Conversor\Conversor.csproj", "{39997D10-4000-4A8D-A004-112D925DDFB5}"
EndProject
Project("{9A19103F-16F7-4668-BE54-9A1E7A4F7556}") = "ApiConversor", "ApiConversor\ApiConversor.csproj", "{30B67F94-3A53-4807-B665-5F897D1A436B}"
EndProject
Global
	GlobalSection(SolutionConfigurationPlatforms) = preSolution
		Debug|Any CPU = Debug|Any CPU
		Release|Any CPU = Release|Any CPU
	EndGlobalSection
	GlobalSection(ProjectConfigurationPlatforms) = postSolution
		{3AA94086-7B71-492D-93E3-8700B31A791D}.Debug|Any CPU.ActiveCfg = Debug|Any CPU
		{3AA94086-7B71-492D-93E3-8700B31A791D}.Debug|Any CPU.Build.0 = Debug|Any CPU
		{3AA94086-7B71-492D-93E3-8700B31A791D}.Release|Any CPU.ActiveCfg = Release|Any CPU
		{3AA94086-7B71-492D-93E3-8700B31A791D}.Release|Any CPU.Build.0 = Release|Any CPU
		{6FA8FBF1-5841-4B44-B491-DCC233D46408}.Debug|Any CPU.ActiveCfg = Debug|Any CPU
		{6FA8FBF1-5841-4B44-B491-DCC233D46408}.Debug|Any CPU.Build.0 = Debug|Any CPU
		{6FA8FBF1-5841-4B44-B491-DCC233D46408}.Release|Any CPU.ActiveCfg = Release|Any CPU
		{6FA8FBF1-5841-4B44-B491-DCC233D46408}.Release|Any CPU.Build.0 = Release|Any CPU
		{F5A6A410-3EAC-4467-A029-D4FECE3C6D15}.Debug|Any CPU.ActiveCfg = Debug|Any CPU
		{F5A6A410-3EAC-4467-A029-D4FECE3C6D15}.Debug|Any CPU.Build.0 = Debug|Any CPU
		{F5A6A410-3EAC-4467-A029-D4FECE3C6D15}.Release|Any CPU.ActiveCfg = Release|Any CPU
		{F5A6A410-3EAC-4467-A029-D4FECE3C6D15}.Release|Any CPU.Build.0 = Release|Any CPU
		{1569CB55-88B7-4748-A1B3-9A8644B25DE6}.Debug|Any CPU.ActiveCfg = Debug|Any CPU
		{1569CB55-88B7-4748-A1B3-9A8644B25DE6}.Debug|Any CPU.Build.0 = Debug|Any CPU
		{1569CB55-88B7-4748-A1B3-9A8644B25DE6}.Release|Any CPU.ActiveCfg = Release|Any CPU
		{1569CB55-88B7-4748-A1B3-9A8644B25DE6}.Release|Any CPU.Build.0 = Release|Any CPU
		{9B9F7EA9-6127-413E-846B-6E0857194BE7}.Debug|Any CPU.ActiveCfg = Debug|Any CPU
		{9B9F7EA9-6127-413E-846B-6E0857194BE7}.Debug|Any CPU.Build.0 = Debug|Any CPU
		{9B9F7EA9-6127-413E-846B-6E0857194BE7}.Release|Any CPU.ActiveCfg = Release|Any CPU
		{9B9F7EA9-6127-413E-846B-6E0857194BE7}.Release|Any CPU.Build.0 = Release|Any CPU
		{39997D10-4000-4A8D-A004-112D925DDFB5}.Debug|Any CPU.ActiveCfg = Debug|Any CPU
		{39997D10-4000-4A8D-A004-112D925DDFB5}.Debug|Any CPU.Build.0 = Debug|Any CPU
		{39997D10-4000-4A8D-A004-112D925DDFB5}.Release|Any CPU.ActiveCfg = Release|Any CPU
		{39997D10-4000-4A8D-A004-112D925DDFB5}.Release|Any CPU.Build.0 = Release|Any CPU
		{30B67F94-3A53-4807-B665-5F897D1A436B}.Debug|Any CPU.ActiveCfg = Debug|Any CPU
		{30B67F94-3A53-4807-B665-5F897D1A436B}.Debug|Any CPU.Build.0 = Debug|Any CPU
		{30B67F94-3A53-4807-B665-5F897D1A436B}.Release|Any CPU.ActiveCfg = Release|Any CPU
		{30B67F94-3A53-4807-B665-5F897D1A436B}.Release|Any CPU.Build.0 = Release|Any CPU
	EndGlobalSection
	GlobalSection(SolutionProperties) = preSolution
		HideSolutionNode = FALSE
	EndGlobalSection
	GlobalSection(NestedProjects) = preSolution
		{3AA94086-7B71-492D-93E3-8700B31A791D} = {B0CCA97C-FA20-4AD5-9750-4AAA55451C15}
		{6FA8FBF1-5841-4B44-B491-DCC233D46408} = {B0CCA97C-FA20-4AD5-9750-4AAA55451C15}
		{F5A6A410-3EAC-4467-A029-D4FECE3C6D15} = {54E4A6CA-2E10-4146-9427-3BE521951832}
		{1569CB55-88B7-4748-A1B3-9A8644B25DE6} = {54E4A6CA-2E10-4146-9427-3BE521951832}
		{9B9F7EA9-6127-413E-846B-6E0857194BE7} = {8CDECD95-53D2-48C3-BCC4-125A44EE86B2}
		{39997D10-4000-4A8D-A004-112D925DDFB5} = {72446EBA-A8F9-42B5-82E9-B6513D706FFE}
		{30B67F94-3A53-4807-B665-5F897D1A436B} = {72446EBA-A8F9-42B5-82E9-B6513D706FFE}
	EndGlobalSection
	GlobalSection(ExtensibilityGlobals) = postSolution
		SolutionGuid = {2E32C6A6-393D-4A7D-8ED3-CE80F4699E3F}
	EndGlobalSection
EndGlobal
